PODS:
  - CocoaAsyncSocket (7.4.1)
  - CocoaLumberjack (1.9.2):
    - CocoaLumberjack/Extensions (= 1.9.2)
  - CocoaLumberjack/Core (1.9.2)
  - CocoaLumberjack/Extensions (1.9.2):
    - CocoaLumberjack/Core
  - EstimoteSDK (3.2.5)
  - libpd (0.7.0)

DEPENDENCIES:
  - CocoaAsyncSocket (~> 7.3)
  - CocoaLumberjack (~> 1.8)
  - EstimoteSDK (~> 3.2)
  - libpd (~> 0.7)

SPEC CHECKSUMS:
  CocoaAsyncSocket: 7cbf214b27f8e7f7574db6a3fd96352ffaed433d
  CocoaLumberjack: 628fca2e88ef06f7cf6817309aa405f325d9a6fa
  EstimoteSDK: df3ab4ee5f5ee32182a8d918321dc9604eda4829
  libpd: 73e50c4998c95addfb7c47bd9054b9c40019d3fc

COCOAPODS: 0.37.2
