PODS:
  - CocoaAsyncSocket (7.3.5)
  - CocoaLumberjack (1.9.2):
    - CocoaLumberjack/Extensions
  - CocoaLumberjack/Core (1.9.2)
  - CocoaLumberjack/Extensions (1.9.2):
    - CocoaLumberjack/Core
  - libpd (0.7.0)

DEPENDENCIES:
  - CocoaAsyncSocket (~> 7.3)
  - CocoaLumberjack (~> 1.8)
  - libpd (~> 0.7)

SPEC CHECKSUMS:
  CocoaAsyncSocket: 45bdbbc1c0a5ed0640ff4c42af325ba43a2f099a
  CocoaLumberjack: 205769c032b5fef85b92472046bcc8b7e7c8a817
  libpd: f9e63d090e284438826f9b2fdc0810dbb9889e6f

COCOAPODS: 0.34.4
